<?xml version="1.0" encoding="utf-8"?>
<Project ToolsVersion="4.0" xmlns="http://schemas.microsoft.com/developer/msbuild/2003">
  <ItemGroup>
    <Filter Include="Banana">
      <UniqueIdentifier>{06C4ECA8-F265-177F-DB20-2BD3C7619ECF}</UniqueIdentifier>
    </Filter>
    <Filter Include="Banana\Events">
      <UniqueIdentifier>{2AED68A3-96AD-E4D9-5FE8-2D57CB6729B6}</UniqueIdentifier>
    </Filter>
    <Filter Include="Banana\imGui">
      <UniqueIdentifier>{D0B59883-BC18-2828-659E-60DE51E0F3AA}</UniqueIdentifier>
    </Filter>
    <Filter Include="Platform">
      <UniqueIdentifier>{2AC788B4-1694-E3BF-3FAD-D1672BD9184E}</UniqueIdentifier>
    </Filter>
    <Filter Include="Platform\OpenGL">
      <UniqueIdentifier>{1E7D2C1D-8A08-9AE1-9319-1DD6FF23F6E1}</UniqueIdentifier>
    </Filter>
    <Filter Include="Platform\Windows">
      <UniqueIdentifier>{64FBD71A-50F4-F66C-7926-DCF1657ED678}</UniqueIdentifier>
    </Filter>
  </ItemGroup>
  <ItemGroup>
    <ClInclude Include="src\Banana.h" />
    <ClInclude Include="src\Banana\Application.h">
      <Filter>Banana</Filter>
    </ClInclude>
    <ClInclude Include="src\Banana\Core.h">
      <Filter>Banana</Filter>
    </ClInclude>
    <ClInclude Include="src\Banana\EntryPoint.h">
      <Filter>Banana</Filter>
    </ClInclude>
    <ClInclude Include="src\Banana\Events\ApplicationEvent.h">
      <Filter>Banana\Events</Filter>
    </ClInclude>
    <ClInclude Include="src\Banana\Events\Event.h">
      <Filter>Banana\Events</Filter>
    </ClInclude>
    <ClInclude Include="src\Banana\Events\KeyEvent.h">
      <Filter>Banana\Events</Filter>
    </ClInclude>
    <ClInclude Include="src\Banana\Events\MouseEvent.h">
      <Filter>Banana\Events</Filter>
    </ClInclude>
    <ClInclude Include="src\Banana\Layer.h">
      <Filter>Banana</Filter>
    </ClInclude>
    <ClInclude Include="src\Banana\LayerStack.h">
      <Filter>Banana</Filter>
    </ClInclude>
    <ClInclude Include="src\Banana\Log.h">
      <Filter>Banana</Filter>
    </ClInclude>
    <ClInclude Include="src\Banana\Window.h">
      <Filter>Banana</Filter>
    </ClInclude>
    <ClInclude Include="src\Banana\imGui\ImGuiLayer.h">
      <Filter>Banana\imGui</Filter>
    </ClInclude>
    <ClInclude Include="src\Platform\OpenGL\ImGuiOpenGLRenderer.h">
      <Filter>Platform\OpenGL</Filter>
    </ClInclude>
    <ClInclude Include="src\Platform\Windows\WindowsWindow.h">
      <Filter>Platform\Windows</Filter>
    </ClInclude>
    <ClInclude Include="src\bnpch.h" />
    <ClInclude Include="src\Banana\Input.h" />
    <ClInclude Include="src\Platform\Windows\WindowsInput.h" />
    <ClInclude Include="src\Banana\KeyCodes.h" />
    <ClInclude Include="src\Banana\MouseButtonCodes.h" />
  </ItemGroup>
  <ItemGroup>
    <ClCompile Include="src\Banana\Application.cpp">
      <Filter>Banana</Filter>
    </ClCompile>
    <ClCompile Include="src\Banana\Layer.cpp">
      <Filter>Banana</Filter>
    </ClCompile>
    <ClCompile Include="src\Banana\LayerStack.cpp">
      <Filter>Banana</Filter>
    </ClCompile>
    <ClCompile Include="src\Banana\Log.cpp">
      <Filter>Banana</Filter>
    </ClCompile>
    <ClCompile Include="src\Banana\imGui\ImGuiLayer.cpp">
      <Filter>Banana\imGui</Filter>
    </ClCompile>
    <ClCompile Include="src\Platform\OpenGL\ImGuiOpenGLRenderer.cpp">
      <Filter>Platform\OpenGL</Filter>
    </ClCompile>
    <ClCompile Include="src\Platform\Windows\WindowsWindow.cpp">
      <Filter>Platform\Windows</Filter>
    </ClCompile>
    <ClCompile Include="src\bnpch.cpp" />
    <ClCompile Include="src\Platform\Windows\WindowsInput.cpp" />
  </ItemGroup>
</Project>