<?xml version="1.0" encoding="utf-8"?>
<Project ToolsVersion="4.0" xmlns="http://schemas.microsoft.com/developer/msbuild/2003">
  <ItemGroup>
    <Filter Include="Banana">
      <UniqueIdentifier>{06C4ECA8-F265-177F-DB20-2BD3C7619ECF}</UniqueIdentifier>
    </Filter>
    <Filter Include="Banana\Events">
      <UniqueIdentifier>{2AED68A3-96AD-E4D9-5FE8-2D57CB6729B6}</UniqueIdentifier>
    </Filter>
    <Filter Include="Platform">
      <UniqueIdentifier>{2AC788B4-1694-E3BF-3FAD-D1672BD9184E}</UniqueIdentifier>
    </Filter>
    <Filter Include="Platform\Windows">
      <UniqueIdentifier>{64FBD71A-50F4-F66C-7926-DCF1657ED678}</UniqueIdentifier>
    </Filter>
  </ItemGroup>
  <ItemGroup>
    <ClInclude Include="..\Banana\src\Banana.h" />
    <ClInclude Include="..\Banana\src\Banana\Application.h">
      <Filter>Banana</Filter>
    </ClInclude>
    <ClInclude Include="..\Banana\src\Banana\Core.h">
      <Filter>Banana</Filter>
    </ClInclude>
    <ClInclude Include="..\Banana\src\Banana\EntryPoint.h">
      <Filter>Banana</Filter>
    </ClInclude>
    <ClInclude Include="..\Banana\src\Banana\Events\ApplicationEvent.h">
      <Filter>Banana\Events</Filter>
    </ClInclude>
    <ClInclude Include="..\Banana\src\Banana\Events\Event.h">
      <Filter>Banana\Events</Filter>
    </ClInclude>
    <ClInclude Include="..\Banana\src\Banana\Events\KeyEvent.h">
      <Filter>Banana\Events</Filter>
    </ClInclude>
    <ClInclude Include="..\Banana\src\Banana\Events\MouseEvent.h">
      <Filter>Banana\Events</Filter>
    </ClInclude>
    <ClInclude Include="..\Banana\src\Banana\Log.h">
      <Filter>Banana</Filter>
    </ClInclude>
    <ClInclude Include="..\Banana\src\Banana\Window.h">
      <Filter>Banana</Filter>
    </ClInclude>
    <ClInclude Include="..\Banana\src\Platform\Windows\WindowsWindow.h">
      <Filter>Platform\Windows</Filter>
    </ClInclude>
    <ClInclude Include="..\Banana\src\bnpch.h" />
  </ItemGroup>
  <ItemGroup>
    <ClCompile Include="..\Banana\src\Banana\Application.cpp">
      <Filter>Banana</Filter>
    </ClCompile>
    <ClCompile Include="..\Banana\src\Banana\Log.cpp">
      <Filter>Banana</Filter>
    </ClCompile>
    <ClCompile Include="..\Banana\src\Platform\Windows\WindowsWindow.cpp">
      <Filter>Platform\Windows</Filter>
    </ClCompile>
    <ClCompile Include="..\Banana\src\bnpch.cpp" />
  </ItemGroup>
</Project>